// !$*UTF8*$!
{
	archiveVersion = 1;
	classes = {
	};
	objectVersion = 48;
	objects = {

/* Begin PBXBuildFile section */
		B021470C203B1FE3009449E1 /* img_0.png in Resources */ = {isa = PBXBuildFile; fileRef = B021470A203B1FE3009449E1 /* img_0.png */; };
		B021470D203B1FE3009449E1 /* data.json in Resources */ = {isa = PBXBuildFile; fileRef = B021470B203B1FE3009449E1 /* data.json */; };
		B02A3C03203C638A00977D1F /* FirebaseCore.framework in Frameworks */ = {isa = PBXBuildFile; fileRef = B02A3BFC203C638A00977D1F /* FirebaseCore.framework */; };
		B02A3C04203C638A00977D1F /* FirebaseAnalytics.framework in Frameworks */ = {isa = PBXBuildFile; fileRef = B02A3BFD203C638A00977D1F /* FirebaseAnalytics.framework */; };
		B02A3C05203C638A00977D1F /* GoogleToolboxForMac.framework in Frameworks */ = {isa = PBXBuildFile; fileRef = B02A3BFE203C638A00977D1F /* GoogleToolboxForMac.framework */; };
		B02A3C06203C638A00977D1F /* nanopb.framework in Frameworks */ = {isa = PBXBuildFile; fileRef = B02A3BFF203C638A00977D1F /* nanopb.framework */; };
		B02A3C07203C638A00977D1F /* FirebaseNanoPB.framework in Frameworks */ = {isa = PBXBuildFile; fileRef = B02A3C00203C638A00977D1F /* FirebaseNanoPB.framework */; };
		B02A3C08203C638A00977D1F /* FirebaseInstanceID.framework in Frameworks */ = {isa = PBXBuildFile; fileRef = B02A3C01203C638A00977D1F /* FirebaseInstanceID.framework */; };
		B02A3C09203C638A00977D1F /* FirebaseCoreDiagnostics.framework in Frameworks */ = {isa = PBXBuildFile; fileRef = B02A3C02203C638A00977D1F /* FirebaseCoreDiagnostics.framework */; };
		B02A3C0E203C63A100977D1F /* Protobuf.framework in Frameworks */ = {isa = PBXBuildFile; fileRef = B02A3C0B203C63A100977D1F /* Protobuf.framework */; };
		B02A3C0F203C63A100977D1F /* FirebaseRemoteConfig.framework in Frameworks */ = {isa = PBXBuildFile; fileRef = B02A3C0C203C63A100977D1F /* FirebaseRemoteConfig.framework */; };
		B02A3C10203C63A100977D1F /* FirebaseABTesting.framework in Frameworks */ = {isa = PBXBuildFile; fileRef = B02A3C0D203C63A100977D1F /* FirebaseABTesting.framework */; };
		B02A3C1A203C650600977D1F /* upload-sym in Resources */ = {isa = PBXBuildFile; fileRef = B02A3C12203C650500977D1F /* upload-sym */; };
		B02A3C1B203C650600977D1F /* Protobuf.framework in Frameworks */ = {isa = PBXBuildFile; fileRef = B02A3C13203C650500977D1F /* Protobuf.framework */; };
		B02A3C1C203C650600977D1F /* upload-sym.sh in Resources */ = {isa = PBXBuildFile; fileRef = B02A3C14203C650500977D1F /* upload-sym.sh */; };
		B02A3C1D203C650600977D1F /* FirebaseCrash.framework in Frameworks */ = {isa = PBXBuildFile; fileRef = B02A3C15203C650500977D1F /* FirebaseCrash.framework */; };
		B02A3C1E203C650600977D1F /* extract-keys in Resources */ = {isa = PBXBuildFile; fileRef = B02A3C16203C650600977D1F /* extract-keys */; };
		B02A3C1F203C650600977D1F /* dump_syms in Resources */ = {isa = PBXBuildFile; fileRef = B02A3C17203C650600977D1F /* dump_syms */; };
		B02A3C20203C650600977D1F /* upload-sym-util.bash in Resources */ = {isa = PBXBuildFile; fileRef = B02A3C18203C650600977D1F /* upload-sym-util.bash */; };
		B02A3C21203C650600977D1F /* batch-upload in Resources */ = {isa = PBXBuildFile; fileRef = B02A3C19203C650600977D1F /* batch-upload */; };
		B02A3C25203C651600977D1F /* GTMSessionFetcher.framework in Frameworks */ = {isa = PBXBuildFile; fileRef = B02A3C23203C651600977D1F /* GTMSessionFetcher.framework */; };
		B02A3C26203C651600977D1F /* FirebaseStorage.framework in Frameworks */ = {isa = PBXBuildFile; fileRef = B02A3C24203C651600977D1F /* FirebaseStorage.framework */; };
		B02A3C2A203C652000977D1F /* leveldb-library.framework in Frameworks */ = {isa = PBXBuildFile; fileRef = B02A3C28203C652000977D1F /* leveldb-library.framework */; };
		B02A3C2B203C652000977D1F /* FirebaseDatabase.framework in Frameworks */ = {isa = PBXBuildFile; fileRef = B02A3C29203C652000977D1F /* FirebaseDatabase.framework */; };
		B02A3C33203C681E00977D1F /* GoogleService-Info.plist in Resources */ = {isa = PBXBuildFile; fileRef = B02A3C32203C681E00977D1F /* GoogleService-Info.plist */; };
		B02A3C35203C754800977D1F /* RCValues.swift in Sources */ = {isa = PBXBuildFile; fileRef = B02A3C34203C754800977D1F /* RCValues.swift */; };
		B0400E8120168C940026CA09 /* RxCocoa.framework in Embed Frameworks */ = {isa = PBXBuildFile; fileRef = B0400E7C20168C940026CA09 /* RxCocoa.framework */; settings = {ATTRIBUTES = (CodeSignOnCopy, RemoveHeadersOnCopy, ); }; };
		B0400E8320168C940026CA09 /* RxSwift.framework in Embed Frameworks */ = {isa = PBXBuildFile; fileRef = B0400E7D20168C940026CA09 /* RxSwift.framework */; settings = {ATTRIBUTES = (CodeSignOnCopy, RemoveHeadersOnCopy, ); }; };
		B0400E8520168C940026CA09 /* RxBlocking.framework in Embed Frameworks */ = {isa = PBXBuildFile; fileRef = B0400E7E20168C940026CA09 /* RxBlocking.framework */; settings = {ATTRIBUTES = (CodeSignOnCopy, RemoveHeadersOnCopy, ); }; };
		B0400E8720168C940026CA09 /* RxTest.framework in Embed Frameworks */ = {isa = PBXBuildFile; fileRef = B0400E7F20168C940026CA09 /* RxTest.framework */; settings = {ATTRIBUTES = (CodeSignOnCopy, RemoveHeadersOnCopy, ); }; };
		B057BDA1201BAF0C00BCDF95 /* RealmSwift.framework in Frameworks */ = {isa = PBXBuildFile; fileRef = B057BD9F201BAF0C00BCDF95 /* RealmSwift.framework */; };
		B057BDA2201BAF0C00BCDF95 /* RealmSwift.framework in Embed Frameworks */ = {isa = PBXBuildFile; fileRef = B057BD9F201BAF0C00BCDF95 /* RealmSwift.framework */; settings = {ATTRIBUTES = (CodeSignOnCopy, RemoveHeadersOnCopy, ); }; };
		B057BDA3201BAF0C00BCDF95 /* Realm.framework in Frameworks */ = {isa = PBXBuildFile; fileRef = B057BDA0201BAF0C00BCDF95 /* Realm.framework */; };
		B057BDA4201BAF0C00BCDF95 /* Realm.framework in Embed Frameworks */ = {isa = PBXBuildFile; fileRef = B057BDA0201BAF0C00BCDF95 /* Realm.framework */; settings = {ATTRIBUTES = (CodeSignOnCopy, RemoveHeadersOnCopy, ); }; };
		B0639EFE2017A5C200DD7FA4 /* nameView.xib in Resources */ = {isa = PBXBuildFile; fileRef = B0639EFD2017A5C200DD7FA4 /* nameView.xib */; };
		B0639F002017A83800DD7FA4 /* nameXibClass.swift in Sources */ = {isa = PBXBuildFile; fileRef = B0639EFF2017A83800DD7FA4 /* nameXibClass.swift */; };
		B0639F022017C6EB00DD7FA4 /* addressView.xib in Resources */ = {isa = PBXBuildFile; fileRef = B0639F012017C6EB00DD7FA4 /* addressView.xib */; };
		B0639F042017C71A00DD7FA4 /* addressXibClass.swift in Sources */ = {isa = PBXBuildFile; fileRef = B0639F032017C71A00DD7FA4 /* addressXibClass.swift */; };
		B067093920221C53002DAB07 /* userCell.swift in Sources */ = {isa = PBXBuildFile; fileRef = B067093820221C53002DAB07 /* userCell.swift */; };
		B07313A72020F83C002A6DED /* securityView.xib in Resources */ = {isa = PBXBuildFile; fileRef = B07313A62020F83C002A6DED /* securityView.xib */; };
		B07313A92020F84C002A6DED /* contactView.xib in Resources */ = {isa = PBXBuildFile; fileRef = B07313A82020F84C002A6DED /* contactView.xib */; };
		B07313AB2020F86B002A6DED /* submitView.xib in Resources */ = {isa = PBXBuildFile; fileRef = B07313AA2020F86B002A6DED /* submitView.xib */; };
		B07313AD2020F8E0002A6DED /* securityXibClass.swift in Sources */ = {isa = PBXBuildFile; fileRef = B07313AC2020F8E0002A6DED /* securityXibClass.swift */; };
		B07313AF2020F8F6002A6DED /* contactXibClass.swift in Sources */ = {isa = PBXBuildFile; fileRef = B07313AE2020F8F6002A6DED /* contactXibClass.swift */; };
		B07313B12020F904002A6DED /* submitXibClass.swift in Sources */ = {isa = PBXBuildFile; fileRef = B07313B02020F904002A6DED /* submitXibClass.swift */; };
		DD220A0720111B7A00F19AC9 /* dataModel.swift in Sources */ = {isa = PBXBuildFile; fileRef = DD220A0620111B7A00F19AC9 /* dataModel.swift */; };
		DD220A0920111C6700F19AC9 /* databaseClass.swift in Sources */ = {isa = PBXBuildFile; fileRef = DD220A0820111C6700F19AC9 /* databaseClass.swift */; };
		DD220A0F2011247600F19AC9 /* viewModel.swift in Sources */ = {isa = PBXBuildFile; fileRef = DD220A0E2011247600F19AC9 /* viewModel.swift */; };
		DD220A15201126B700F19AC9 /* validationFunctions.swift in Sources */ = {isa = PBXBuildFile; fileRef = DD220A14201126B700F19AC9 /* validationFunctions.swift */; };
		DD3A3448202D834700F2B28B /* IBDesignables.swift in Sources */ = {isa = PBXBuildFile; fileRef = DD3A3447202D834700F2B28B /* IBDesignables.swift */; };
		DD3A344A202D8C1700F2B28B /* colors.swift in Sources */ = {isa = PBXBuildFile; fileRef = DD3A3449202D8C1700F2B28B /* colors.swift */; };
		DD3A344C202DA5E500F2B28B /* textFields.swift in Sources */ = {isa = PBXBuildFile; fileRef = DD3A344B202DA5E500F2B28B /* textFields.swift */; };
		DD580D481FE970FA00A254B4 /* AppDelegate.swift in Sources */ = {isa = PBXBuildFile; fileRef = DD580D471FE970FA00A254B4 /* AppDelegate.swift */; };
		DD580D4A1FE970FA00A254B4 /* FirstViewController.swift in Sources */ = {isa = PBXBuildFile; fileRef = DD580D491FE970FA00A254B4 /* FirstViewController.swift */; };
		DD580D4C1FE970FA00A254B4 /* SecondViewController.swift in Sources */ = {isa = PBXBuildFile; fileRef = DD580D4B1FE970FA00A254B4 /* SecondViewController.swift */; };
		DD580D4F1FE970FA00A254B4 /* Main.storyboard in Resources */ = {isa = PBXBuildFile; fileRef = DD580D4D1FE970FA00A254B4 /* Main.storyboard */; };
		DD580D511FE970FA00A254B4 /* Assets.xcassets in Resources */ = {isa = PBXBuildFile; fileRef = DD580D501FE970FA00A254B4 /* Assets.xcassets */; };
		DD580D541FE970FA00A254B4 /* LaunchScreen.storyboard in Resources */ = {isa = PBXBuildFile; fileRef = DD580D521FE970FA00A254B4 /* LaunchScreen.storyboard */; };
		DD580D5F1FE970FA00A254B4 /* self_registrationTests.swift in Sources */ = {isa = PBXBuildFile; fileRef = DD580D5E1FE970FA00A254B4 /* self_registrationTests.swift */; };
		DD580D6A1FE970FA00A254B4 /* self_registrationUITests.swift in Sources */ = {isa = PBXBuildFile; fileRef = DD580D691FE970FA00A254B4 /* self_registrationUITests.swift */; };
		DDC195A6202DAC4600705B0C /* Lottie.framework in Frameworks */ = {isa = PBXBuildFile; fileRef = DDC195A5202DAC4500705B0C /* Lottie.framework */; };
		DDC195A7202DACEB00705B0C /* Lottie.framework in Frameworks */ = {isa = PBXBuildFile; fileRef = DDC195A5202DAC4500705B0C /* Lottie.framework */; };
		DDC195A8202DACEB00705B0C /* Lottie.framework in Embed Frameworks */ = {isa = PBXBuildFile; fileRef = DDC195A5202DAC4500705B0C /* Lottie.framework */; settings = {ATTRIBUTES = (CodeSignOnCopy, RemoveHeadersOnCopy, ); }; };
		DDC195B12030223E00705B0C /* buttons.swift in Sources */ = {isa = PBXBuildFile; fileRef = DDC195B02030223E00705B0C /* buttons.swift */; };
		DDC195B320310F5000705B0C /* LogInController.swift in Sources */ = {isa = PBXBuildFile; fileRef = DDC195B220310F5000705B0C /* LogInController.swift */; };
		DDC195B520316B9D00705B0C /* swiftSignatureView.swift in Sources */ = {isa = PBXBuildFile; fileRef = DDC195B420316B9D00705B0C /* swiftSignatureView.swift */; };
		DDC195B72039FF2600705B0C /* homeView.xib in Resources */ = {isa = PBXBuildFile; fileRef = DDC195B62039FF2600705B0C /* homeView.xib */; };
		DDC195B9203A00C200705B0C /* homeXibClass.swift in Sources */ = {isa = PBXBuildFile; fileRef = DDC195B8203A00C200705B0C /* homeXibClass.swift */; };
		DDC195BB203A038200705B0C /* extensions.swift in Sources */ = {isa = PBXBuildFile; fileRef = DDC195BA203A038200705B0C /* extensions.swift */; };
		DDC195C0203A211A00705B0C /* account_success.json in Resources */ = {isa = PBXBuildFile; fileRef = DDC195BF203A211A00705B0C /* account_success.json */; };
		DDE4EBAD203A462700E24DA0 /* LilitabSDK.framework in Frameworks */ = {isa = PBXBuildFile; fileRef = DDE4EBAC203A462700E24DA0 /* LilitabSDK.framework */; };
		DDE4EBAE203A462700E24DA0 /* LilitabSDK.framework in Embed Frameworks */ = {isa = PBXBuildFile; fileRef = DDE4EBAC203A462700E24DA0 /* LilitabSDK.framework */; settings = {ATTRIBUTES = (CodeSignOnCopy, RemoveHeadersOnCopy, ); }; };
		DDE4EBB0203A7B6800E24DA0 /* lilitabSwipe.swift in Sources */ = {isa = PBXBuildFile; fileRef = DDE4EBAF203A7B6800E24DA0 /* lilitabSwipe.swift */; };
/* End PBXBuildFile section */

/* Begin PBXContainerItemProxy section */
		DD580D5B1FE970FA00A254B4 /* PBXContainerItemProxy */ = {
			isa = PBXContainerItemProxy;
			containerPortal = DD580D3C1FE970FA00A254B4 /* Project object */;
			proxyType = 1;
			remoteGlobalIDString = DD580D431FE970FA00A254B4;
			remoteInfo = "self-registration";
		};
		DD580D661FE970FA00A254B4 /* PBXContainerItemProxy */ = {
			isa = PBXContainerItemProxy;
			containerPortal = DD580D3C1FE970FA00A254B4 /* Project object */;
			proxyType = 1;
			remoteGlobalIDString = DD580D431FE970FA00A254B4;
			remoteInfo = "self-registration";
		};
/* End PBXContainerItemProxy section */

/* Begin PBXCopyFilesBuildPhase section */
		B0400E8820168C950026CA09 /* Embed Frameworks */ = {
			isa = PBXCopyFilesBuildPhase;
			buildActionMask = 2147483647;
			dstPath = "";
			dstSubfolderSpec = 10;
			files = (
				B057BDA4201BAF0C00BCDF95 /* Realm.framework in Embed Frameworks */,
				B0400E8320168C940026CA09 /* RxSwift.framework in Embed Frameworks */,
				B057BDA2201BAF0C00BCDF95 /* RealmSwift.framework in Embed Frameworks */,
				DDE4EBAE203A462700E24DA0 /* LilitabSDK.framework in Embed Frameworks */,
				B0400E8120168C940026CA09 /* RxCocoa.framework in Embed Frameworks */,
				B0400E8720168C940026CA09 /* RxTest.framework in Embed Frameworks */,
				DDC195A8202DACEB00705B0C /* Lottie.framework in Embed Frameworks */,
				B0400E8520168C940026CA09 /* RxBlocking.framework in Embed Frameworks */,
			);
			name = "Embed Frameworks";
			runOnlyForDeploymentPostprocessing = 0;
		};
/* End PBXCopyFilesBuildPhase section */

/* Begin PBXFileReference section */
		B021470A203B1FE3009449E1 /* img_0.png */ = {isa = PBXFileReference; lastKnownFileType = image.png; path = img_0.png; sourceTree = "<group>"; };
		B021470B203B1FE3009449E1 /* data.json */ = {isa = PBXFileReference; fileEncoding = 4; lastKnownFileType = text.json; path = data.json; sourceTree = "<group>"; };
		B02A3BFC203C638A00977D1F /* FirebaseCore.framework */ = {isa = PBXFileReference; lastKnownFileType = wrapper.framework; path = FirebaseCore.framework; sourceTree = "<group>"; };
		B02A3BFD203C638A00977D1F /* FirebaseAnalytics.framework */ = {isa = PBXFileReference; lastKnownFileType = wrapper.framework; path = FirebaseAnalytics.framework; sourceTree = "<group>"; };
		B02A3BFE203C638A00977D1F /* GoogleToolboxForMac.framework */ = {isa = PBXFileReference; lastKnownFileType = wrapper.framework; path = GoogleToolboxForMac.framework; sourceTree = "<group>"; };
		B02A3BFF203C638A00977D1F /* nanopb.framework */ = {isa = PBXFileReference; lastKnownFileType = wrapper.framework; path = nanopb.framework; sourceTree = "<group>"; };
		B02A3C00203C638A00977D1F /* FirebaseNanoPB.framework */ = {isa = PBXFileReference; lastKnownFileType = wrapper.framework; path = FirebaseNanoPB.framework; sourceTree = "<group>"; };
		B02A3C01203C638A00977D1F /* FirebaseInstanceID.framework */ = {isa = PBXFileReference; lastKnownFileType = wrapper.framework; path = FirebaseInstanceID.framework; sourceTree = "<group>"; };
		B02A3C02203C638A00977D1F /* FirebaseCoreDiagnostics.framework */ = {isa = PBXFileReference; lastKnownFileType = wrapper.framework; path = FirebaseCoreDiagnostics.framework; sourceTree = "<group>"; };
		B02A3C0B203C63A100977D1F /* Protobuf.framework */ = {isa = PBXFileReference; lastKnownFileType = wrapper.framework; path = Protobuf.framework; sourceTree = "<group>"; };
		B02A3C0C203C63A100977D1F /* FirebaseRemoteConfig.framework */ = {isa = PBXFileReference; lastKnownFileType = wrapper.framework; path = FirebaseRemoteConfig.framework; sourceTree = "<group>"; };
		B02A3C0D203C63A100977D1F /* FirebaseABTesting.framework */ = {isa = PBXFileReference; lastKnownFileType = wrapper.framework; path = FirebaseABTesting.framework; sourceTree = "<group>"; };
		B02A3C12203C650500977D1F /* upload-sym */ = {isa = PBXFileReference; fileEncoding = 4; lastKnownFileType = text.script.sh; path = "upload-sym"; sourceTree = "<group>"; };
		B02A3C13203C650500977D1F /* Protobuf.framework */ = {isa = PBXFileReference; lastKnownFileType = wrapper.framework; path = Protobuf.framework; sourceTree = "<group>"; };
		B02A3C14203C650500977D1F /* upload-sym.sh */ = {isa = PBXFileReference; fileEncoding = 4; lastKnownFileType = text.script.sh; path = "upload-sym.sh"; sourceTree = "<group>"; };
		B02A3C15203C650500977D1F /* FirebaseCrash.framework */ = {isa = PBXFileReference; lastKnownFileType = wrapper.framework; path = FirebaseCrash.framework; sourceTree = "<group>"; };
		B02A3C16203C650600977D1F /* extract-keys */ = {isa = PBXFileReference; fileEncoding = 4; lastKnownFileType = text.script.sh; path = "extract-keys"; sourceTree = "<group>"; };
		B02A3C17203C650600977D1F /* dump_syms */ = {isa = PBXFileReference; lastKnownFileType = "compiled.mach-o.executable"; path = dump_syms; sourceTree = "<group>"; };
		B02A3C18203C650600977D1F /* upload-sym-util.bash */ = {isa = PBXFileReference; fileEncoding = 4; lastKnownFileType = text; path = "upload-sym-util.bash"; sourceTree = "<group>"; };
		B02A3C19203C650600977D1F /* batch-upload */ = {isa = PBXFileReference; fileEncoding = 4; lastKnownFileType = text.script.sh; path = "batch-upload"; sourceTree = "<group>"; };
		B02A3C23203C651600977D1F /* GTMSessionFetcher.framework */ = {isa = PBXFileReference; lastKnownFileType = wrapper.framework; path = GTMSessionFetcher.framework; sourceTree = "<group>"; };
		B02A3C24203C651600977D1F /* FirebaseStorage.framework */ = {isa = PBXFileReference; lastKnownFileType = wrapper.framework; path = FirebaseStorage.framework; sourceTree = "<group>"; };
		B02A3C28203C652000977D1F /* leveldb-library.framework */ = {isa = PBXFileReference; lastKnownFileType = wrapper.framework; path = "leveldb-library.framework"; sourceTree = "<group>"; };
		B02A3C29203C652000977D1F /* FirebaseDatabase.framework */ = {isa = PBXFileReference; lastKnownFileType = wrapper.framework; path = FirebaseDatabase.framework; sourceTree = "<group>"; };
		B02A3C2C203C65A000977D1F /* Firebase.h */ = {isa = PBXFileReference; fileEncoding = 4; lastKnownFileType = sourcecode.c.h; path = Firebase.h; sourceTree = "<group>"; };
		B02A3C2D203C665A00977D1F /* self-registration-Bridging-Header.h */ = {isa = PBXFileReference; lastKnownFileType = sourcecode.c.h; path = "self-registration-Bridging-Header.h"; sourceTree = "<group>"; };
		B02A3C31203C66C200977D1F /* module.modulemap */ = {isa = PBXFileReference; lastKnownFileType = "sourcecode.module-map"; path = module.modulemap; sourceTree = "<group>"; };
		B02A3C32203C681E00977D1F /* GoogleService-Info.plist */ = {isa = PBXFileReference; fileEncoding = 4; lastKnownFileType = text.plist.xml; path = "GoogleService-Info.plist"; sourceTree = "<group>"; };
		B02A3C34203C754800977D1F /* RCValues.swift */ = {isa = PBXFileReference; lastKnownFileType = sourcecode.swift; path = RCValues.swift; sourceTree = "<group>"; };
		B0400E73201688720026CA09 /* RxSwift.framework */ = {isa = PBXFileReference; lastKnownFileType = wrapper.framework; name = RxSwift.framework; path = Carthage/Build/iOS/RxSwift.framework; sourceTree = "<group>"; };
		B0400E74201688720026CA09 /* RxCocoa.framework */ = {isa = PBXFileReference; lastKnownFileType = wrapper.framework; name = RxCocoa.framework; path = Carthage/Build/iOS/RxCocoa.framework; sourceTree = "<group>"; };
		B0400E75201688720026CA09 /* RxTest.framework */ = {isa = PBXFileReference; lastKnownFileType = wrapper.framework; name = RxTest.framework; path = Carthage/Build/iOS/RxTest.framework; sourceTree = "<group>"; };
		B0400E76201688720026CA09 /* RxBlocking.framework */ = {isa = PBXFileReference; lastKnownFileType = wrapper.framework; name = RxBlocking.framework; path = Carthage/Build/iOS/RxBlocking.framework; sourceTree = "<group>"; };
		B0400E7C20168C940026CA09 /* RxCocoa.framework */ = {isa = PBXFileReference; lastKnownFileType = wrapper.framework; name = RxCocoa.framework; path = Carthage/Build/iOS/RxCocoa.framework; sourceTree = "<group>"; };
		B0400E7D20168C940026CA09 /* RxSwift.framework */ = {isa = PBXFileReference; lastKnownFileType = wrapper.framework; name = RxSwift.framework; path = Carthage/Build/iOS/RxSwift.framework; sourceTree = "<group>"; };
		B0400E7E20168C940026CA09 /* RxBlocking.framework */ = {isa = PBXFileReference; lastKnownFileType = wrapper.framework; name = RxBlocking.framework; path = Carthage/Build/iOS/RxBlocking.framework; sourceTree = "<group>"; };
		B0400E7F20168C940026CA09 /* RxTest.framework */ = {isa = PBXFileReference; lastKnownFileType = wrapper.framework; name = RxTest.framework; path = Carthage/Build/iOS/RxTest.framework; sourceTree = "<group>"; };
		B057BD9F201BAF0C00BCDF95 /* RealmSwift.framework */ = {isa = PBXFileReference; lastKnownFileType = wrapper.framework; name = RealmSwift.framework; path = Carthage/Build/iOS/RealmSwift.framework; sourceTree = "<group>"; };
		B057BDA0201BAF0C00BCDF95 /* Realm.framework */ = {isa = PBXFileReference; lastKnownFileType = wrapper.framework; name = Realm.framework; path = Carthage/Build/iOS/Realm.framework; sourceTree = "<group>"; };
		B0639EFD2017A5C200DD7FA4 /* nameView.xib */ = {isa = PBXFileReference; lastKnownFileType = file.xib; path = nameView.xib; sourceTree = "<group>"; };
		B0639EFF2017A83800DD7FA4 /* nameXibClass.swift */ = {isa = PBXFileReference; lastKnownFileType = sourcecode.swift; path = nameXibClass.swift; sourceTree = "<group>"; };
		B0639F012017C6EB00DD7FA4 /* addressView.xib */ = {isa = PBXFileReference; lastKnownFileType = file.xib; path = addressView.xib; sourceTree = "<group>"; };
		B0639F032017C71A00DD7FA4 /* addressXibClass.swift */ = {isa = PBXFileReference; lastKnownFileType = sourcecode.swift; path = addressXibClass.swift; sourceTree = "<group>"; };
		B067093820221C53002DAB07 /* userCell.swift */ = {isa = PBXFileReference; lastKnownFileType = sourcecode.swift; path = userCell.swift; sourceTree = "<group>"; };
		B07313A62020F83C002A6DED /* securityView.xib */ = {isa = PBXFileReference; lastKnownFileType = file.xib; path = securityView.xib; sourceTree = "<group>"; };
		B07313A82020F84C002A6DED /* contactView.xib */ = {isa = PBXFileReference; lastKnownFileType = file.xib; path = contactView.xib; sourceTree = "<group>"; };
		B07313AA2020F86B002A6DED /* submitView.xib */ = {isa = PBXFileReference; lastKnownFileType = file.xib; path = submitView.xib; sourceTree = "<group>"; };
		B07313AC2020F8E0002A6DED /* securityXibClass.swift */ = {isa = PBXFileReference; lastKnownFileType = sourcecode.swift; path = securityXibClass.swift; sourceTree = "<group>"; };
		B07313AE2020F8F6002A6DED /* contactXibClass.swift */ = {isa = PBXFileReference; lastKnownFileType = sourcecode.swift; path = contactXibClass.swift; sourceTree = "<group>"; };
		B07313B02020F904002A6DED /* submitXibClass.swift */ = {isa = PBXFileReference; lastKnownFileType = sourcecode.swift; path = submitXibClass.swift; sourceTree = "<group>"; };
		DD220A0620111B7A00F19AC9 /* dataModel.swift */ = {isa = PBXFileReference; lastKnownFileType = sourcecode.swift; path = dataModel.swift; sourceTree = "<group>"; };
		DD220A0820111C6700F19AC9 /* databaseClass.swift */ = {isa = PBXFileReference; lastKnownFileType = sourcecode.swift; path = databaseClass.swift; sourceTree = "<group>"; };
		DD220A0E2011247600F19AC9 /* viewModel.swift */ = {isa = PBXFileReference; lastKnownFileType = sourcecode.swift; path = viewModel.swift; sourceTree = "<group>"; };
		DD220A14201126B700F19AC9 /* validationFunctions.swift */ = {isa = PBXFileReference; lastKnownFileType = sourcecode.swift; path = validationFunctions.swift; sourceTree = "<group>"; };
		DD3A3447202D834700F2B28B /* IBDesignables.swift */ = {isa = PBXFileReference; lastKnownFileType = sourcecode.swift; path = IBDesignables.swift; sourceTree = "<group>"; };
		DD3A3449202D8C1700F2B28B /* colors.swift */ = {isa = PBXFileReference; lastKnownFileType = sourcecode.swift; path = colors.swift; sourceTree = "<group>"; };
		DD3A344B202DA5E500F2B28B /* textFields.swift */ = {isa = PBXFileReference; lastKnownFileType = sourcecode.swift; path = textFields.swift; sourceTree = "<group>"; };
		DD580D441FE970FA00A254B4 /* self-registration.app */ = {isa = PBXFileReference; explicitFileType = wrapper.application; includeInIndex = 0; path = "self-registration.app"; sourceTree = BUILT_PRODUCTS_DIR; };
		DD580D471FE970FA00A254B4 /* AppDelegate.swift */ = {isa = PBXFileReference; lastKnownFileType = sourcecode.swift; path = AppDelegate.swift; sourceTree = "<group>"; };
		DD580D491FE970FA00A254B4 /* FirstViewController.swift */ = {isa = PBXFileReference; lastKnownFileType = sourcecode.swift; path = FirstViewController.swift; sourceTree = "<group>"; };
		DD580D4B1FE970FA00A254B4 /* SecondViewController.swift */ = {isa = PBXFileReference; lastKnownFileType = sourcecode.swift; path = SecondViewController.swift; sourceTree = "<group>"; };
		DD580D4E1FE970FA00A254B4 /* Base */ = {isa = PBXFileReference; lastKnownFileType = file.storyboard; name = Base; path = Base.lproj/Main.storyboard; sourceTree = "<group>"; };
		DD580D501FE970FA00A254B4 /* Assets.xcassets */ = {isa = PBXFileReference; lastKnownFileType = folder.assetcatalog; path = Assets.xcassets; sourceTree = "<group>"; };
		DD580D531FE970FA00A254B4 /* Base */ = {isa = PBXFileReference; lastKnownFileType = file.storyboard; name = Base; path = Base.lproj/LaunchScreen.storyboard; sourceTree = "<group>"; };
		DD580D551FE970FA00A254B4 /* Info.plist */ = {isa = PBXFileReference; lastKnownFileType = text.plist.xml; path = Info.plist; sourceTree = "<group>"; };
		DD580D5A1FE970FA00A254B4 /* self-registrationTests.xctest */ = {isa = PBXFileReference; explicitFileType = wrapper.cfbundle; includeInIndex = 0; path = "self-registrationTests.xctest"; sourceTree = BUILT_PRODUCTS_DIR; };
		DD580D5E1FE970FA00A254B4 /* self_registrationTests.swift */ = {isa = PBXFileReference; lastKnownFileType = sourcecode.swift; path = self_registrationTests.swift; sourceTree = "<group>"; };
		DD580D601FE970FA00A254B4 /* Info.plist */ = {isa = PBXFileReference; lastKnownFileType = text.plist.xml; path = Info.plist; sourceTree = "<group>"; };
		DD580D651FE970FA00A254B4 /* self-registrationUITests.xctest */ = {isa = PBXFileReference; explicitFileType = wrapper.cfbundle; includeInIndex = 0; path = "self-registrationUITests.xctest"; sourceTree = BUILT_PRODUCTS_DIR; };
		DD580D691FE970FA00A254B4 /* self_registrationUITests.swift */ = {isa = PBXFileReference; lastKnownFileType = sourcecode.swift; path = self_registrationUITests.swift; sourceTree = "<group>"; };
		DD580D6B1FE970FA00A254B4 /* Info.plist */ = {isa = PBXFileReference; lastKnownFileType = text.plist.xml; path = Info.plist; sourceTree = "<group>"; };
		DD84C69E203A41C80076274A /* LilitabSDK.framework */ = {isa = PBXFileReference; lastKnownFileType = wrapper.framework; name = LilitabSDK.framework; path = "../../Downloads/LilitabSDK-Release-Universal/LilitabSDK.framework"; sourceTree = "<group>"; };
		DDC195A5202DAC4500705B0C /* Lottie.framework */ = {isa = PBXFileReference; lastKnownFileType = wrapper.framework; name = Lottie.framework; path = Carthage/Build/iOS/Lottie.framework; sourceTree = "<group>"; };
		DDC195B02030223E00705B0C /* buttons.swift */ = {isa = PBXFileReference; lastKnownFileType = sourcecode.swift; path = buttons.swift; sourceTree = "<group>"; };
		DDC195B220310F5000705B0C /* LogInController.swift */ = {isa = PBXFileReference; lastKnownFileType = sourcecode.swift; path = LogInController.swift; sourceTree = "<group>"; };
		DDC195B420316B9D00705B0C /* swiftSignatureView.swift */ = {isa = PBXFileReference; lastKnownFileType = sourcecode.swift; path = swiftSignatureView.swift; sourceTree = "<group>"; };
		DDC195B62039FF2600705B0C /* homeView.xib */ = {isa = PBXFileReference; lastKnownFileType = file.xib; path = homeView.xib; sourceTree = "<group>"; };
		DDC195B8203A00C200705B0C /* homeXibClass.swift */ = {isa = PBXFileReference; lastKnownFileType = sourcecode.swift; path = homeXibClass.swift; sourceTree = "<group>"; };
		DDC195BA203A038200705B0C /* extensions.swift */ = {isa = PBXFileReference; lastKnownFileType = sourcecode.swift; path = extensions.swift; sourceTree = "<group>"; };
		DDC195BF203A211A00705B0C /* account_success.json */ = {isa = PBXFileReference; fileEncoding = 4; lastKnownFileType = text.json; path = account_success.json; sourceTree = "<group>"; };
		DDE4EBAC203A462700E24DA0 /* LilitabSDK.framework */ = {isa = PBXFileReference; lastKnownFileType = wrapper.framework; name = LilitabSDK.framework; path = Carthage/Build/iOS/LilitabSDK.framework; sourceTree = "<group>"; };
		DDE4EBAF203A7B6800E24DA0 /* lilitabSwipe.swift */ = {isa = PBXFileReference; lastKnownFileType = sourcecode.swift; path = lilitabSwipe.swift; sourceTree = "<group>"; };
/* End PBXFileReference section */

/* Begin PBXFrameworksBuildPhase section */
		DD580D411FE970FA00A254B4 /* Frameworks */ = {
			isa = PBXFrameworksBuildPhase;
			buildActionMask = 2147483647;
			files = (
				B02A3C2B203C652000977D1F /* FirebaseDatabase.framework in Frameworks */,
				B057BDA3201BAF0C00BCDF95 /* Realm.framework in Frameworks */,
				DDC195A7202DACEB00705B0C /* Lottie.framework in Frameworks */,
				B02A3C03203C638A00977D1F /* FirebaseCore.framework in Frameworks */,
				B057BDA1201BAF0C00BCDF95 /* RealmSwift.framework in Frameworks */,
				B02A3C08203C638A00977D1F /* FirebaseInstanceID.framework in Frameworks */,
				B02A3C10203C63A100977D1F /* FirebaseABTesting.framework in Frameworks */,
				B02A3C0F203C63A100977D1F /* FirebaseRemoteConfig.framework in Frameworks */,
				B02A3C06203C638A00977D1F /* nanopb.framework in Frameworks */,
				B02A3C04203C638A00977D1F /* FirebaseAnalytics.framework in Frameworks */,
				B02A3C2A203C652000977D1F /* leveldb-library.framework in Frameworks */,
				B02A3C05203C638A00977D1F /* GoogleToolboxForMac.framework in Frameworks */,
				B02A3C25203C651600977D1F /* GTMSessionFetcher.framework in Frameworks */,
				B02A3C26203C651600977D1F /* FirebaseStorage.framework in Frameworks */,
				B02A3C07203C638A00977D1F /* FirebaseNanoPB.framework in Frameworks */,
				B02A3C09203C638A00977D1F /* FirebaseCoreDiagnostics.framework in Frameworks */,
				B02A3C0E203C63A100977D1F /* Protobuf.framework in Frameworks */,
				DDE4EBAD203A462700E24DA0 /* LilitabSDK.framework in Frameworks */,
				DDC195A6202DAC4600705B0C /* Lottie.framework in Frameworks */,
				B02A3C1B203C650600977D1F /* Protobuf.framework in Frameworks */,
				B02A3C1D203C650600977D1F /* FirebaseCrash.framework in Frameworks */,
			);
			runOnlyForDeploymentPostprocessing = 0;
		};
		DD580D571FE970FA00A254B4 /* Frameworks */ = {
			isa = PBXFrameworksBuildPhase;
			buildActionMask = 2147483647;
			files = (
			);
			runOnlyForDeploymentPostprocessing = 0;
		};
		DD580D621FE970FA00A254B4 /* Frameworks */ = {
			isa = PBXFrameworksBuildPhase;
			buildActionMask = 2147483647;
			files = (
			);
			runOnlyForDeploymentPostprocessing = 0;
		};
/* End PBXFrameworksBuildPhase section */

/* Begin PBXGroup section */
		B0214708203B1FE3009449E1 /* check */ = {
			isa = PBXGroup;
			children = (
				B0214709203B1FE3009449E1 /* images */,
				B021470B203B1FE3009449E1 /* data.json */,
			);
			path = check;
			sourceTree = "<group>";
		};
		B0214709203B1FE3009449E1 /* images */ = {
			isa = PBXGroup;
			children = (
				B021470A203B1FE3009449E1 /* img_0.png */,
			);
			path = images;
			sourceTree = "<group>";
		};
		B02A3BFA203C633700977D1F /* Firebase */ = {
			isa = PBXGroup;
			children = (
				B02A3C31203C66C200977D1F /* module.modulemap */,
				B02A3C2D203C665A00977D1F /* self-registration-Bridging-Header.h */,
				B02A3C2C203C65A000977D1F /* Firebase.h */,
				B02A3C32203C681E00977D1F /* GoogleService-Info.plist */,
				B02A3C27203C652000977D1F /* Database */,
				B02A3C22203C651600977D1F /* Storage */,
				B02A3C11203C650500977D1F /* Crash */,
				B02A3C0A203C63A100977D1F /* RemoteConfig */,
				B02A3BFB203C638A00977D1F /* Analytics */,
			);
			path = Firebase;
			sourceTree = "<group>";
		};
		B02A3BFB203C638A00977D1F /* Analytics */ = {
			isa = PBXGroup;
			children = (
				B02A3BFC203C638A00977D1F /* FirebaseCore.framework */,
				B02A3BFD203C638A00977D1F /* FirebaseAnalytics.framework */,
				B02A3BFE203C638A00977D1F /* GoogleToolboxForMac.framework */,
				B02A3BFF203C638A00977D1F /* nanopb.framework */,
				B02A3C00203C638A00977D1F /* FirebaseNanoPB.framework */,
				B02A3C01203C638A00977D1F /* FirebaseInstanceID.framework */,
				B02A3C02203C638A00977D1F /* FirebaseCoreDiagnostics.framework */,
			);
			path = Analytics;
			sourceTree = "<group>";
		};
		B02A3C0A203C63A100977D1F /* RemoteConfig */ = {
			isa = PBXGroup;
			children = (
				B02A3C0B203C63A100977D1F /* Protobuf.framework */,
				B02A3C0C203C63A100977D1F /* FirebaseRemoteConfig.framework */,
				B02A3C0D203C63A100977D1F /* FirebaseABTesting.framework */,
			);
			path = RemoteConfig;
			sourceTree = "<group>";
		};
		B02A3C11203C650500977D1F /* Crash */ = {
			isa = PBXGroup;
			children = (
				B02A3C12203C650500977D1F /* upload-sym */,
				B02A3C13203C650500977D1F /* Protobuf.framework */,
				B02A3C14203C650500977D1F /* upload-sym.sh */,
				B02A3C15203C650500977D1F /* FirebaseCrash.framework */,
				B02A3C16203C650600977D1F /* extract-keys */,
				B02A3C17203C650600977D1F /* dump_syms */,
				B02A3C18203C650600977D1F /* upload-sym-util.bash */,
				B02A3C19203C650600977D1F /* batch-upload */,
			);
			path = Crash;
			sourceTree = "<group>";
		};
		B02A3C22203C651600977D1F /* Storage */ = {
			isa = PBXGroup;
			children = (
				B02A3C23203C651600977D1F /* GTMSessionFetcher.framework */,
				B02A3C24203C651600977D1F /* FirebaseStorage.framework */,
			);
			path = Storage;
			sourceTree = "<group>";
		};
		B02A3C27203C652000977D1F /* Database */ = {
			isa = PBXGroup;
			children = (
				B02A3C28203C652000977D1F /* leveldb-library.framework */,
				B02A3C29203C652000977D1F /* FirebaseDatabase.framework */,
			);
			path = Database;
			sourceTree = "<group>";
		};
		B0400E72201688720026CA09 /* Frameworks */ = {
			isa = PBXGroup;
			children = (
				DD84C69E203A41C80076274A /* LilitabSDK.framework */,
				DDC195A5202DAC4500705B0C /* Lottie.framework */,
				B0400E76201688720026CA09 /* RxBlocking.framework */,
				B0400E74201688720026CA09 /* RxCocoa.framework */,
				B0400E73201688720026CA09 /* RxSwift.framework */,
				B0400E75201688720026CA09 /* RxTest.framework */,
			);
			name = Frameworks;
			sourceTree = "<group>";
		};
		B0639EF82017877900DD7FA4 /* Views */ = {
			isa = PBXGroup;
			children = (
				B0639EFD2017A5C200DD7FA4 /* nameView.xib */,
				B0639EFF2017A83800DD7FA4 /* nameXibClass.swift */,
				B0639F012017C6EB00DD7FA4 /* addressView.xib */,
				B0639F032017C71A00DD7FA4 /* addressXibClass.swift */,
				B07313A62020F83C002A6DED /* securityView.xib */,
				B07313AC2020F8E0002A6DED /* securityXibClass.swift */,
				B07313A82020F84C002A6DED /* contactView.xib */,
				B07313AE2020F8F6002A6DED /* contactXibClass.swift */,
				B07313AA2020F86B002A6DED /* submitView.xib */,
				B07313B02020F904002A6DED /* submitXibClass.swift */,
				B067093820221C53002DAB07 /* userCell.swift */,
				DDC195B62039FF2600705B0C /* homeView.xib */,
				DDC195B8203A00C200705B0C /* homeXibClass.swift */,
			);
			path = Views;
			sourceTree = "<group>";
		};
		DD0A587C200671250035AD1F /* Model */ = {
			isa = PBXGroup;
			children = (
				DD220A0620111B7A00F19AC9 /* dataModel.swift */,
				DD220A0820111C6700F19AC9 /* databaseClass.swift */,
				B02A3C34203C754800977D1F /* RCValues.swift */,
			);
			path = Model;
			sourceTree = "<group>";
		};
		DD0A587D2006713A0035AD1F /* Controller */ = {
			isa = PBXGroup;
			children = (
				DD580D491FE970FA00A254B4 /* FirstViewController.swift */,
				DD580D4B1FE970FA00A254B4 /* SecondViewController.swift */,
				DDC195B220310F5000705B0C /* LogInController.swift */,
			);
			path = Controller;
			sourceTree = "<group>";
		};
		DD0A587E200671590035AD1F /* View Model */ = {
			isa = PBXGroup;
			children = (
				DD220A0E2011247600F19AC9 /* viewModel.swift */,
				DD220A14201126B700F19AC9 /* validationFunctions.swift */,
			);
			path = "View Model";
			sourceTree = "<group>";
		};
		DD3A3446202D832700F2B28B /* Design */ = {
			isa = PBXGroup;
			children = (
				DDC195A9202DAF2900705B0C /* Lottie Animations */,
				DD3A3447202D834700F2B28B /* IBDesignables.swift */,
				DD3A3449202D8C1700F2B28B /* colors.swift */,
				DD3A344B202DA5E500F2B28B /* textFields.swift */,
				DDC195B02030223E00705B0C /* buttons.swift */,
				DDC195B420316B9D00705B0C /* swiftSignatureView.swift */,
				DDC195BA203A038200705B0C /* extensions.swift */,
				DDE4EBAF203A7B6800E24DA0 /* lilitabSwipe.swift */,
			);
			path = Design;
			sourceTree = "<group>";
		};
		DD580D3B1FE970FA00A254B4 = {
			isa = PBXGroup;
			children = (
				B02A3BFA203C633700977D1F /* Firebase */,
				DDE4EBAC203A462700E24DA0 /* LilitabSDK.framework */,
				B057BDA0201BAF0C00BCDF95 /* Realm.framework */,
				B057BD9F201BAF0C00BCDF95 /* RealmSwift.framework */,
				B0400E7E20168C940026CA09 /* RxBlocking.framework */,
				B0400E7C20168C940026CA09 /* RxCocoa.framework */,
				B0400E7D20168C940026CA09 /* RxSwift.framework */,
				B0400E7F20168C940026CA09 /* RxTest.framework */,
				DD580D461FE970FA00A254B4 /* self-registration */,
				DD580D5D1FE970FA00A254B4 /* self-registrationTests */,
				DD580D681FE970FA00A254B4 /* self-registrationUITests */,
				DD580D451FE970FA00A254B4 /* Products */,
				B0400E72201688720026CA09 /* Frameworks */,
			);
			sourceTree = "<group>";
		};
		DD580D451FE970FA00A254B4 /* Products */ = {
			isa = PBXGroup;
			children = (
				DD580D441FE970FA00A254B4 /* self-registration.app */,
				DD580D5A1FE970FA00A254B4 /* self-registrationTests.xctest */,
				DD580D651FE970FA00A254B4 /* self-registrationUITests.xctest */,
			);
			name = Products;
			sourceTree = "<group>";
		};
		DD580D461FE970FA00A254B4 /* self-registration */ = {
			isa = PBXGroup;
			children = (
				B0639EF82017877900DD7FA4 /* Views */,
				DD3A3446202D832700F2B28B /* Design */,
				DD0A587D2006713A0035AD1F /* Controller */,
				DD0A587E200671590035AD1F /* View Model */,
				DD0A587C200671250035AD1F /* Model */,
				DD580D471FE970FA00A254B4 /* AppDelegate.swift */,
				DD580D4D1FE970FA00A254B4 /* Main.storyboard */,
				DD580D501FE970FA00A254B4 /* Assets.xcassets */,
				DD580D521FE970FA00A254B4 /* LaunchScreen.storyboard */,
				DD580D551FE970FA00A254B4 /* Info.plist */,
			);
			path = "self-registration";
			sourceTree = "<group>";
		};
		DD580D5D1FE970FA00A254B4 /* self-registrationTests */ = {
			isa = PBXGroup;
			children = (
				DD580D5E1FE970FA00A254B4 /* self_registrationTests.swift */,
				DD580D601FE970FA00A254B4 /* Info.plist */,
			);
			path = "self-registrationTests";
			sourceTree = "<group>";
		};
		DD580D681FE970FA00A254B4 /* self-registrationUITests */ = {
			isa = PBXGroup;
			children = (
				DD580D691FE970FA00A254B4 /* self_registrationUITests.swift */,
				DD580D6B1FE970FA00A254B4 /* Info.plist */,
			);
			path = "self-registrationUITests";
			sourceTree = "<group>";
		};
		DDC195A9202DAF2900705B0C /* Lottie Animations */ = {
			isa = PBXGroup;
			children = (
				B0214708203B1FE3009449E1 /* check */,
				DDC195BE203A210800705B0C /* person */,
			);
			path = "Lottie Animations";
			sourceTree = "<group>";
		};
		DDC195BE203A210800705B0C /* person */ = {
			isa = PBXGroup;
			children = (
				DDC195BF203A211A00705B0C /* account_success.json */,
			);
			path = person;
			sourceTree = "<group>";
		};
/* End PBXGroup section */

/* Begin PBXNativeTarget section */
		DD580D431FE970FA00A254B4 /* self-registration */ = {
			isa = PBXNativeTarget;
			buildConfigurationList = DD580D6E1FE970FA00A254B4 /* Build configuration list for PBXNativeTarget "self-registration" */;
			buildPhases = (
				DD580D401FE970FA00A254B4 /* Sources */,
				DD580D411FE970FA00A254B4 /* Frameworks */,
				DD580D421FE970FA00A254B4 /* Resources */,
				B0400E7B2016888A0026CA09 /* ShellScript */,
				B0400E8820168C950026CA09 /* Embed Frameworks */,
			);
			buildRules = (
			);
			dependencies = (
			);
			name = "self-registration";
			productName = "self-registration";
			productReference = DD580D441FE970FA00A254B4 /* self-registration.app */;
			productType = "com.apple.product-type.application";
		};
		DD580D591FE970FA00A254B4 /* self-registrationTests */ = {
			isa = PBXNativeTarget;
			buildConfigurationList = DD580D711FE970FA00A254B4 /* Build configuration list for PBXNativeTarget "self-registrationTests" */;
			buildPhases = (
				DD580D561FE970FA00A254B4 /* Sources */,
				DD580D571FE970FA00A254B4 /* Frameworks */,
				DD580D581FE970FA00A254B4 /* Resources */,
			);
			buildRules = (
			);
			dependencies = (
				DD580D5C1FE970FA00A254B4 /* PBXTargetDependency */,
			);
			name = "self-registrationTests";
			productName = "self-registrationTests";
			productReference = DD580D5A1FE970FA00A254B4 /* self-registrationTests.xctest */;
			productType = "com.apple.product-type.bundle.unit-test";
		};
		DD580D641FE970FA00A254B4 /* self-registrationUITests */ = {
			isa = PBXNativeTarget;
			buildConfigurationList = DD580D741FE970FA00A254B4 /* Build configuration list for PBXNativeTarget "self-registrationUITests" */;
			buildPhases = (
				DD580D611FE970FA00A254B4 /* Sources */,
				DD580D621FE970FA00A254B4 /* Frameworks */,
				DD580D631FE970FA00A254B4 /* Resources */,
			);
			buildRules = (
			);
			dependencies = (
				DD580D671FE970FA00A254B4 /* PBXTargetDependency */,
			);
			name = "self-registrationUITests";
			productName = "self-registrationUITests";
			productReference = DD580D651FE970FA00A254B4 /* self-registrationUITests.xctest */;
			productType = "com.apple.product-type.bundle.ui-testing";
		};
/* End PBXNativeTarget section */

/* Begin PBXProject section */
		DD580D3C1FE970FA00A254B4 /* Project object */ = {
			isa = PBXProject;
			attributes = {
				LastSwiftUpdateCheck = 0920;
				LastUpgradeCheck = 0920;
				ORGANIZATIONNAME = Makina;
				TargetAttributes = {
					DD580D431FE970FA00A254B4 = {
						CreatedOnToolsVersion = 9.2;
						LastSwiftMigration = 0920;
						ProvisioningStyle = Automatic;
					};
					DD580D591FE970FA00A254B4 = {
						CreatedOnToolsVersion = 9.2;
						ProvisioningStyle = Automatic;
						TestTargetID = DD580D431FE970FA00A254B4;
					};
					DD580D641FE970FA00A254B4 = {
						CreatedOnToolsVersion = 9.2;
						ProvisioningStyle = Automatic;
						TestTargetID = DD580D431FE970FA00A254B4;
					};
				};
			};
			buildConfigurationList = DD580D3F1FE970FA00A254B4 /* Build configuration list for PBXProject "self-registration" */;
			compatibilityVersion = "Xcode 8.0";
			developmentRegion = en;
			hasScannedForEncodings = 0;
			knownRegions = (
				en,
				Base,
			);
			mainGroup = DD580D3B1FE970FA00A254B4;
			productRefGroup = DD580D451FE970FA00A254B4 /* Products */;
			projectDirPath = "";
			projectRoot = "";
			targets = (
				DD580D431FE970FA00A254B4 /* self-registration */,
				DD580D591FE970FA00A254B4 /* self-registrationTests */,
				DD580D641FE970FA00A254B4 /* self-registrationUITests */,
			);
		};
/* End PBXProject section */

/* Begin PBXResourcesBuildPhase section */
		DD580D421FE970FA00A254B4 /* Resources */ = {
			isa = PBXResourcesBuildPhase;
			buildActionMask = 2147483647;
			files = (
				DD580D541FE970FA00A254B4 /* LaunchScreen.storyboard in Resources */,
				B0639F022017C6EB00DD7FA4 /* addressView.xib in Resources */,
				B02A3C1E203C650600977D1F /* extract-keys in Resources */,
				B021470C203B1FE3009449E1 /* img_0.png in Resources */,
				B0639EFE2017A5C200DD7FA4 /* nameView.xib in Resources */,
				DDC195B72039FF2600705B0C /* homeView.xib in Resources */,
				DDC195C0203A211A00705B0C /* account_success.json in Resources */,
				DD580D511FE970FA00A254B4 /* Assets.xcassets in Resources */,
				B02A3C1C203C650600977D1F /* upload-sym.sh in Resources */,
				B02A3C1A203C650600977D1F /* upload-sym in Resources */,
				B02A3C1F203C650600977D1F /* dump_syms in Resources */,
				B02A3C33203C681E00977D1F /* GoogleService-Info.plist in Resources */,
				B021470D203B1FE3009449E1 /* data.json in Resources */,
				B07313A92020F84C002A6DED /* contactView.xib in Resources */,
				B07313A72020F83C002A6DED /* securityView.xib in Resources */,
				B02A3C20203C650600977D1F /* upload-sym-util.bash in Resources */,
				B07313AB2020F86B002A6DED /* submitView.xib in Resources */,
				B02A3C21203C650600977D1F /* batch-upload in Resources */,
				DD580D4F1FE970FA00A254B4 /* Main.storyboard in Resources */,
			);
			runOnlyForDeploymentPostprocessing = 0;
		};
		DD580D581FE970FA00A254B4 /* Resources */ = {
			isa = PBXResourcesBuildPhase;
			buildActionMask = 2147483647;
			files = (
			);
			runOnlyForDeploymentPostprocessing = 0;
		};
		DD580D631FE970FA00A254B4 /* Resources */ = {
			isa = PBXResourcesBuildPhase;
			buildActionMask = 2147483647;
			files = (
			);
			runOnlyForDeploymentPostprocessing = 0;
		};
/* End PBXResourcesBuildPhase section */

/* Begin PBXShellScriptBuildPhase section */
		B0400E7B2016888A0026CA09 /* ShellScript */ = {
			isa = PBXShellScriptBuildPhase;
			buildActionMask = 8;
			files = (
			);
			inputPaths = (
				"$(SRCROOT)/Carthage/Build/iOS/RxSwift.framework",
				"$(SRCROOT)/Carthage/Build/iOS/RxCocoa.framework",
				"$(SRCROOT)/Carthage/Build/iOS/RxBlocking.framework",
				"$(SRCROOT)/Carthage/Build/iOS/RxTest.framework",
				"$(SRCROOT)/Carthage/Build/iOS/Realm.framework",
				"$(SRCROOT)/Carthage/Build/iOS/RealmSwift.framework",
				"$(SRCROOT)/Carthage/Build/iOS/Lottie.framework",
				"$(SRCROOT)/Carthage/Build/iOS/LilitabSDK.framework",
			);
			outputPaths = (
			);
			runOnlyForDeploymentPostprocessing = 1;
			shellPath = "/usr/local/bin/carthage copy-frameworks";
			shellScript = "";
		};
/* End PBXShellScriptBuildPhase section */

/* Begin PBXSourcesBuildPhase section */
		DD580D401FE970FA00A254B4 /* Sources */ = {
			isa = PBXSourcesBuildPhase;
			buildActionMask = 2147483647;
			files = (
				DD580D4C1FE970FA00A254B4 /* SecondViewController.swift in Sources */,
				DD3A344A202D8C1700F2B28B /* colors.swift in Sources */,
				DD3A344C202DA5E500F2B28B /* textFields.swift in Sources */,
				DDC195B9203A00C200705B0C /* homeXibClass.swift in Sources */,
				B0639F002017A83800DD7FA4 /* nameXibClass.swift in Sources */,
				B0639F042017C71A00DD7FA4 /* addressXibClass.swift in Sources */,
				DD580D481FE970FA00A254B4 /* AppDelegate.swift in Sources */,
				B07313AF2020F8F6002A6DED /* contactXibClass.swift in Sources */,
				B02A3C35203C754800977D1F /* RCValues.swift in Sources */,
				DD580D4A1FE970FA00A254B4 /* FirstViewController.swift in Sources */,
				DDC195B520316B9D00705B0C /* swiftSignatureView.swift in Sources */,
				DD3A3448202D834700F2B28B /* IBDesignables.swift in Sources */,
				DDC195B12030223E00705B0C /* buttons.swift in Sources */,
				DD220A15201126B700F19AC9 /* validationFunctions.swift in Sources */,
				DD220A0920111C6700F19AC9 /* databaseClass.swift in Sources */,
				DD220A0720111B7A00F19AC9 /* dataModel.swift in Sources */,
				DDC195B320310F5000705B0C /* LogInController.swift in Sources */,
				B07313AD2020F8E0002A6DED /* securityXibClass.swift in Sources */,
				DDC195BB203A038200705B0C /* extensions.swift in Sources */,
				B07313B12020F904002A6DED /* submitXibClass.swift in Sources */,
				B067093920221C53002DAB07 /* userCell.swift in Sources */,
				DDE4EBB0203A7B6800E24DA0 /* lilitabSwipe.swift in Sources */,
				DD220A0F2011247600F19AC9 /* viewModel.swift in Sources */,
			);
			runOnlyForDeploymentPostprocessing = 0;
		};
		DD580D561FE970FA00A254B4 /* Sources */ = {
			isa = PBXSourcesBuildPhase;
			buildActionMask = 2147483647;
			files = (
				DD580D5F1FE970FA00A254B4 /* self_registrationTests.swift in Sources */,
			);
			runOnlyForDeploymentPostprocessing = 0;
		};
		DD580D611FE970FA00A254B4 /* Sources */ = {
			isa = PBXSourcesBuildPhase;
			buildActionMask = 2147483647;
			files = (
				DD580D6A1FE970FA00A254B4 /* self_registrationUITests.swift in Sources */,
			);
			runOnlyForDeploymentPostprocessing = 0;
		};
/* End PBXSourcesBuildPhase section */

/* Begin PBXTargetDependency section */
		DD580D5C1FE970FA00A254B4 /* PBXTargetDependency */ = {
			isa = PBXTargetDependency;
			target = DD580D431FE970FA00A254B4 /* self-registration */;
			targetProxy = DD580D5B1FE970FA00A254B4 /* PBXContainerItemProxy */;
		};
		DD580D671FE970FA00A254B4 /* PBXTargetDependency */ = {
			isa = PBXTargetDependency;
			target = DD580D431FE970FA00A254B4 /* self-registration */;
			targetProxy = DD580D661FE970FA00A254B4 /* PBXContainerItemProxy */;
		};
/* End PBXTargetDependency section */

/* Begin PBXVariantGroup section */
		DD580D4D1FE970FA00A254B4 /* Main.storyboard */ = {
			isa = PBXVariantGroup;
			children = (
				DD580D4E1FE970FA00A254B4 /* Base */,
			);
			name = Main.storyboard;
			sourceTree = "<group>";
		};
		DD580D521FE970FA00A254B4 /* LaunchScreen.storyboard */ = {
			isa = PBXVariantGroup;
			children = (
				DD580D531FE970FA00A254B4 /* Base */,
			);
			name = LaunchScreen.storyboard;
			sourceTree = "<group>";
		};
/* End PBXVariantGroup section */

/* Begin XCBuildConfiguration section */
		DD580D6C1FE970FA00A254B4 /* Debug */ = {
			isa = XCBuildConfiguration;
			buildSettings = {
				ALWAYS_SEARCH_USER_PATHS = NO;
				CLANG_ANALYZER_NONNULL = YES;
				CLANG_ANALYZER_NUMBER_OBJECT_CONVERSION = YES_AGGRESSIVE;
				CLANG_CXX_LANGUAGE_STANDARD = "gnu++14";
				CLANG_CXX_LIBRARY = "libc++";
				CLANG_ENABLE_MODULES = YES;
				CLANG_ENABLE_OBJC_ARC = YES;
				CLANG_WARN_BLOCK_CAPTURE_AUTORELEASING = YES;
				CLANG_WARN_BOOL_CONVERSION = YES;
				CLANG_WARN_COMMA = YES;
				CLANG_WARN_CONSTANT_CONVERSION = YES;
				CLANG_WARN_DIRECT_OBJC_ISA_USAGE = YES_ERROR;
				CLANG_WARN_DOCUMENTATION_COMMENTS = YES;
				CLANG_WARN_EMPTY_BODY = YES;
				CLANG_WARN_ENUM_CONVERSION = YES;
				CLANG_WARN_INFINITE_RECURSION = YES;
				CLANG_WARN_INT_CONVERSION = YES;
				CLANG_WARN_NON_LITERAL_NULL_CONVERSION = YES;
				CLANG_WARN_OBJC_LITERAL_CONVERSION = YES;
				CLANG_WARN_OBJC_ROOT_CLASS = YES_ERROR;
				CLANG_WARN_RANGE_LOOP_ANALYSIS = YES;
				CLANG_WARN_STRICT_PROTOTYPES = YES;
				CLANG_WARN_SUSPICIOUS_MOVE = YES;
				CLANG_WARN_UNGUARDED_AVAILABILITY = YES_AGGRESSIVE;
				CLANG_WARN_UNREACHABLE_CODE = YES;
				CLANG_WARN__DUPLICATE_METHOD_MATCH = YES;
				CODE_SIGN_IDENTITY = "iPhone Developer";
				COPY_PHASE_STRIP = NO;
				DEBUG_INFORMATION_FORMAT = dwarf;
				ENABLE_STRICT_OBJC_MSGSEND = YES;
				ENABLE_TESTABILITY = YES;
				GCC_C_LANGUAGE_STANDARD = gnu11;
				GCC_DYNAMIC_NO_PIC = NO;
				GCC_NO_COMMON_BLOCKS = YES;
				GCC_OPTIMIZATION_LEVEL = 0;
				GCC_PREPROCESSOR_DEFINITIONS = (
					"DEBUG=1",
					"$(inherited)",
				);
				GCC_WARN_64_TO_32_BIT_CONVERSION = YES;
				GCC_WARN_ABOUT_RETURN_TYPE = YES_ERROR;
				GCC_WARN_UNDECLARED_SELECTOR = YES;
				GCC_WARN_UNINITIALIZED_AUTOS = YES_AGGRESSIVE;
				GCC_WARN_UNUSED_FUNCTION = YES;
				GCC_WARN_UNUSED_VARIABLE = YES;
				IPHONEOS_DEPLOYMENT_TARGET = 11.2;
				MTL_ENABLE_DEBUG_INFO = YES;
				ONLY_ACTIVE_ARCH = YES;
				SDKROOT = iphoneos;
				SWIFT_ACTIVE_COMPILATION_CONDITIONS = DEBUG;
				SWIFT_OPTIMIZATION_LEVEL = "-Onone";
			};
			name = Debug;
		};
		DD580D6D1FE970FA00A254B4 /* Release */ = {
			isa = XCBuildConfiguration;
			buildSettings = {
				ALWAYS_SEARCH_USER_PATHS = NO;
				CLANG_ANALYZER_NONNULL = YES;
				CLANG_ANALYZER_NUMBER_OBJECT_CONVERSION = YES_AGGRESSIVE;
				CLANG_CXX_LANGUAGE_STANDARD = "gnu++14";
				CLANG_CXX_LIBRARY = "libc++";
				CLANG_ENABLE_MODULES = YES;
				CLANG_ENABLE_OBJC_ARC = YES;
				CLANG_WARN_BLOCK_CAPTURE_AUTORELEASING = YES;
				CLANG_WARN_BOOL_CONVERSION = YES;
				CLANG_WARN_COMMA = YES;
				CLANG_WARN_CONSTANT_CONVERSION = YES;
				CLANG_WARN_DIRECT_OBJC_ISA_USAGE = YES_ERROR;
				CLANG_WARN_DOCUMENTATION_COMMENTS = YES;
				CLANG_WARN_EMPTY_BODY = YES;
				CLANG_WARN_ENUM_CONVERSION = YES;
				CLANG_WARN_INFINITE_RECURSION = YES;
				CLANG_WARN_INT_CONVERSION = YES;
				CLANG_WARN_NON_LITERAL_NULL_CONVERSION = YES;
				CLANG_WARN_OBJC_LITERAL_CONVERSION = YES;
				CLANG_WARN_OBJC_ROOT_CLASS = YES_ERROR;
				CLANG_WARN_RANGE_LOOP_ANALYSIS = YES;
				CLANG_WARN_STRICT_PROTOTYPES = YES;
				CLANG_WARN_SUSPICIOUS_MOVE = YES;
				CLANG_WARN_UNGUARDED_AVAILABILITY = YES_AGGRESSIVE;
				CLANG_WARN_UNREACHABLE_CODE = YES;
				CLANG_WARN__DUPLICATE_METHOD_MATCH = YES;
				CODE_SIGN_IDENTITY = "iPhone Developer";
				COPY_PHASE_STRIP = NO;
				DEBUG_INFORMATION_FORMAT = "dwarf-with-dsym";
				ENABLE_NS_ASSERTIONS = NO;
				ENABLE_STRICT_OBJC_MSGSEND = YES;
				GCC_C_LANGUAGE_STANDARD = gnu11;
				GCC_NO_COMMON_BLOCKS = YES;
				GCC_WARN_64_TO_32_BIT_CONVERSION = YES;
				GCC_WARN_ABOUT_RETURN_TYPE = YES_ERROR;
				GCC_WARN_UNDECLARED_SELECTOR = YES;
				GCC_WARN_UNINITIALIZED_AUTOS = YES_AGGRESSIVE;
				GCC_WARN_UNUSED_FUNCTION = YES;
				GCC_WARN_UNUSED_VARIABLE = YES;
				IPHONEOS_DEPLOYMENT_TARGET = 11.2;
				MTL_ENABLE_DEBUG_INFO = NO;
				SDKROOT = iphoneos;
				SWIFT_OPTIMIZATION_LEVEL = "-Owholemodule";
				VALIDATE_PRODUCT = YES;
			};
			name = Release;
		};
		DD580D6F1FE970FA00A254B4 /* Debug */ = {
			isa = XCBuildConfiguration;
			buildSettings = {
				ASSETCATALOG_COMPILER_APPICON_NAME = AppIcon;
				CLANG_ENABLE_MODULES = YES;
				CODE_SIGN_STYLE = Automatic;
				DEVELOPMENT_TEAM = RZZ2SRNCGK;
				FRAMEWORK_SEARCH_PATHS = (
					"$(inherited)",
					"$(PROJECT_DIR)/Carthage/Build/iOS",
					"$(PROJECT_DIR)/Firebase/Analytics",
					"$(PROJECT_DIR)/Firebase/RemoteConfig",
					"$(PROJECT_DIR)/Firebase/Crash",
					"$(PROJECT_DIR)/Firebase/Storage",
					"$(PROJECT_DIR)/Firebase/Database",
				);
				INFOPLIST_FILE = "self-registration/Info.plist";
				IPHONEOS_DEPLOYMENT_TARGET = 11.2;
				LD_RUNPATH_SEARCH_PATHS = "$(inherited) @executable_path/Frameworks";
				"OTHER_LDFLAGS[arch=*]" = "-ObjC";
				PRODUCT_BUNDLE_IDENTIFIER = "com.hcpl.self-registration";
				PRODUCT_NAME = "$(TARGET_NAME)";
				SWIFT_OBJC_BRIDGING_HEADER = "Firebase/self-registration-Bridging-Header.h";
				SWIFT_OPTIMIZATION_LEVEL = "-Onone";
				SWIFT_VERSION = 4.0;
				TARGETED_DEVICE_FAMILY = 2;
				"USER_HEADER_SEARCH_PATHS[arch=*]" = "$(SRCROOT)/";
			};
			name = Debug;
		};
		DD580D701FE970FA00A254B4 /* Release */ = {
			isa = XCBuildConfiguration;
			buildSettings = {
				ASSETCATALOG_COMPILER_APPICON_NAME = AppIcon;
				CLANG_ENABLE_MODULES = YES;
				CODE_SIGN_STYLE = Automatic;
				DEVELOPMENT_TEAM = RZZ2SRNCGK;
				FRAMEWORK_SEARCH_PATHS = (
					"$(inherited)",
					"$(PROJECT_DIR)/Carthage/Build/iOS",
					"$(PROJECT_DIR)/Firebase/Analytics",
					"$(PROJECT_DIR)/Firebase/RemoteConfig",
					"$(PROJECT_DIR)/Firebase/Crash",
					"$(PROJECT_DIR)/Firebase/Storage",
					"$(PROJECT_DIR)/Firebase/Database",
				);
				INFOPLIST_FILE = "self-registration/Info.plist";
				IPHONEOS_DEPLOYMENT_TARGET = 11.2;
				LD_RUNPATH_SEARCH_PATHS = "$(inherited) @executable_path/Frameworks";
				"OTHER_LDFLAGS[arch=*]" = "-ObjC";
				PRODUCT_BUNDLE_IDENTIFIER = "com.hcpl.self-registration";
				PRODUCT_NAME = "$(TARGET_NAME)";
				SWIFT_OBJC_BRIDGING_HEADER = "Firebase/self-registration-Bridging-Header.h";
				SWIFT_VERSION = 4.0;
				TARGETED_DEVICE_FAMILY = 2;
				"USER_HEADER_SEARCH_PATHS[arch=*]" = "$(SRCROOT)/";
			};
			name = Release;
		};
		DD580D721FE970FA00A254B4 /* Debug */ = {
			isa = XCBuildConfiguration;
			buildSettings = {
				ALWAYS_EMBED_SWIFT_STANDARD_LIBRARIES = YES;
				BUNDLE_LOADER = "$(TEST_HOST)";
				CODE_SIGN_STYLE = Automatic;
				DEVELOPMENT_TEAM = YAKDMK2B7A;
				INFOPLIST_FILE = "self-registrationTests/Info.plist";
				LD_RUNPATH_SEARCH_PATHS = "$(inherited) @executable_path/Frameworks @loader_path/Frameworks";
				PRODUCT_BUNDLE_IDENTIFIER = "com.self-registrationTests";
				PRODUCT_NAME = "$(TARGET_NAME)";
				SWIFT_VERSION = 4.0;
				TARGETED_DEVICE_FAMILY = "1,2";
				TEST_HOST = "$(BUILT_PRODUCTS_DIR)/self-registration.app/self-registration";
			};
			name = Debug;
		};
		DD580D731FE970FA00A254B4 /* Release */ = {
			isa = XCBuildConfiguration;
			buildSettings = {
				ALWAYS_EMBED_SWIFT_STANDARD_LIBRARIES = YES;
				BUNDLE_LOADER = "$(TEST_HOST)";
				CODE_SIGN_STYLE = Automatic;
				DEVELOPMENT_TEAM = YAKDMK2B7A;
				INFOPLIST_FILE = "self-registrationTests/Info.plist";
				LD_RUNPATH_SEARCH_PATHS = "$(inherited) @executable_path/Frameworks @loader_path/Frameworks";
				PRODUCT_BUNDLE_IDENTIFIER = "com.self-registrationTests";
				PRODUCT_NAME = "$(TARGET_NAME)";
				SWIFT_VERSION = 4.0;
				TARGETED_DEVICE_FAMILY = "1,2";
				TEST_HOST = "$(BUILT_PRODUCTS_DIR)/self-registration.app/self-registration";
			};
			name = Release;
		};
		DD580D751FE970FA00A254B4 /* Debug */ = {
			isa = XCBuildConfiguration;
			buildSettings = {
				ALWAYS_EMBED_SWIFT_STANDARD_LIBRARIES = YES;
				CODE_SIGN_STYLE = Automatic;
				DEVELOPMENT_TEAM = YAKDMK2B7A;
				INFOPLIST_FILE = "self-registrationUITests/Info.plist";
				LD_RUNPATH_SEARCH_PATHS = "$(inherited) @executable_path/Frameworks @loader_path/Frameworks";
				PRODUCT_BUNDLE_IDENTIFIER = "com.self-registrationUITests";
				PRODUCT_NAME = "$(TARGET_NAME)";
				SWIFT_VERSION = 4.0;
				TARGETED_DEVICE_FAMILY = "1,2";
				TEST_TARGET_NAME = "self-registration";
			};
			name = Debug;
		};
		DD580D761FE970FA00A254B4 /* Release */ = {
			isa = XCBuildConfiguration;
			buildSettings = {
				ALWAYS_EMBED_SWIFT_STANDARD_LIBRARIES = YES;
				CODE_SIGN_STYLE = Automatic;
				DEVELOPMENT_TEAM = YAKDMK2B7A;
				INFOPLIST_FILE = "self-registrationUITests/Info.plist";
				LD_RUNPATH_SEARCH_PATHS = "$(inherited) @executable_path/Frameworks @loader_path/Frameworks";
				PRODUCT_BUNDLE_IDENTIFIER = "com.self-registrationUITests";
				PRODUCT_NAME = "$(TARGET_NAME)";
				SWIFT_VERSION = 4.0;
				TARGETED_DEVICE_FAMILY = "1,2";
				TEST_TARGET_NAME = "self-registration";
			};
			name = Release;
		};
/* End XCBuildConfiguration section */

/* Begin XCConfigurationList section */
		DD580D3F1FE970FA00A254B4 /* Build configuration list for PBXProject "self-registration" */ = {
			isa = XCConfigurationList;
			buildConfigurations = (
				DD580D6C1FE970FA00A254B4 /* Debug */,
				DD580D6D1FE970FA00A254B4 /* Release */,
			);
			defaultConfigurationIsVisible = 0;
			defaultConfigurationName = Release;
		};
		DD580D6E1FE970FA00A254B4 /* Build configuration list for PBXNativeTarget "self-registration" */ = {
			isa = XCConfigurationList;
			buildConfigurations = (
				DD580D6F1FE970FA00A254B4 /* Debug */,
				DD580D701FE970FA00A254B4 /* Release */,
			);
			defaultConfigurationIsVisible = 0;
			defaultConfigurationName = Release;
		};
		DD580D711FE970FA00A254B4 /* Build configuration list for PBXNativeTarget "self-registrationTests" */ = {
			isa = XCConfigurationList;
			buildConfigurations = (
				DD580D721FE970FA00A254B4 /* Debug */,
				DD580D731FE970FA00A254B4 /* Release */,
			);
			defaultConfigurationIsVisible = 0;
			defaultConfigurationName = Release;
		};
		DD580D741FE970FA00A254B4 /* Build configuration list for PBXNativeTarget "self-registrationUITests" */ = {
			isa = XCConfigurationList;
			buildConfigurations = (
				DD580D751FE970FA00A254B4 /* Debug */,
				DD580D761FE970FA00A254B4 /* Release */,
			);
			defaultConfigurationIsVisible = 0;
			defaultConfigurationName = Release;
		};
/* End XCConfigurationList section */
	};
	rootObject = DD580D3C1FE970FA00A254B4 /* Project object */;
}
